{
  "name": "skinior",
  "lockfileVersion": 3,
  "requires": true,
  "packages": {
    "": {
      "dependencies": {
        "@invertase/react-native-apple-authentication": "^2.4.1"
      }
    },
    "node_modules/@invertase/react-native-apple-authentication": {
      "version": "2.4.1",
      "resolved": "https://registry.npmjs.org/@invertase/react-native-apple-authentication/-/react-native-apple-authentication-2.4.1.tgz",
      "integrity": "sha512-SzWXS/T6H62ScTX+jMLJFLAcBp2p8P30J5uQEimpLMUolqnv/iAljfpwTvZYaniVmMSUXjG0/N95ScUIcmsYRQ==",
      "license": "Apache-2.0",
      "engines": {
        "node": ">=14"
      }
    }
  }
}
